Microsoft Visual Studio Solution File, Format Version 12.00
# Visual Studio Version 18
VisualStudioVersion = 18.6.11828.311 oobstable
MinimumVisualStudioVersion = 10.0.40219.1
Project("{FAE04EC0-301F-11D3-BF4B-00C04F79EFBC}") = "GiftOfTheGiversII", "GiftOfTheGiversII.csproj", "{B84A53D8-0882-4C22-BBB3-4DD09E580056}"
EndProject
Project("{FAE04EC0-301F-11D3-BF4B-00C04F79EFBC}") = "GiftOfTheGiversII.IntegrationTests", "..\GiftOfTheGiversII.IntegrationTests\GiftOfTheGiversII.IntegrationTests.csproj", "{9AC9315C-F73F-4AE0-38A3-81DC5CBF4C00}"
EndProject
Project("{FAE04EC0-301F-11D3-BF4B-00C04F79EFBC}") = "GiftOfTheGiversII.UnitTests", "..\GiftOfTheGiversII.Tests\GiftOfTheGiversII.UnitTests.csproj", "{C93D4C85-BD4B-2BC0-2013-6AF374D0FDC4}"
EndProject
Global
	GlobalSection(SolutionConfigurationPlatforms) = preSolution
		Debug|Any CPU = Debug|Any CPU
		Release|Any CPU = Release|Any CPU
	EndGlobalSection
	GlobalSection(ProjectConfigurationPlatforms) = postSolution
		{B84A53D8-0882-4C22-BBB3-4DD09E580056}.Debug|Any CPU.ActiveCfg = Debug|Any CPU
		{B84A53D8-0882-4C22-BBB3-4DD09E580056}.Debug|Any CPU.Build.0 = Debug|Any CPU
		{B84A53D8-0882-4C22-BBB3-4DD09E580056}.Release|Any CPU.ActiveCfg = Release|Any CPU
		{B84A53D8-0882-4C22-BBB3-4DD09E580056}.Release|Any CPU.Build.0 = Release|Any CPU
		{9AC9315C-F73F-4AE0-38A3-81DC5CBF4C00}.Debug|Any CPU.ActiveCfg = Debug|Any CPU
		{9AC9315C-F73F-4AE0-38A3-81DC5CBF4C00}.Debug|Any CPU.Build.0 = Debug|Any CPU
		{9AC9315C-F73F-4AE0-38A3-81DC5CBF4C00}.Release|Any CPU.ActiveCfg = Release|Any CPU
		{9AC9315C-F73F-4AE0-38A3-81DC5CBF4C00}.Release|Any CPU.Build.0 = Release|Any CPU
		{C93D4C85-BD4B-2BC0-2013-6AF374D0FDC4}.Debug|Any CPU.ActiveCfg = Debug|Any CPU
		{C93D4C85-BD4B-2BC0-2013-6AF374D0FDC4}.Debug|Any CPU.Build.0 = Debug|Any CPU
		{C93D4C85-BD4B-2BC0-2013-6AF374D0FDC4}.Release|Any CPU.ActiveCfg = Release|Any CPU
		{C93D4C85-BD4B-2BC0-2013-6AF374D0FDC4}.Release|Any CPU.Build.0 = Release|Any CPU
	EndGlobalSection
	GlobalSection(SolutionProperties) = preSolution
		HideSolutionNode = FALSE
	EndGlobalSection
	GlobalSection(ExtensibilityGlobals) = postSolution
		SolutionGuid = {4F0CD06D-7A7F-4731-B4FE-CAF19E8394A4}
	EndGlobalSection
EndGlobal
